PODS:
  - AppAuth (1.7.6):
    - AppAuth/Core (= 1.7.6)
    - AppAuth/ExternalUserAgent (= 1.7.6)
  - AppAuth/Core (1.7.6)
  - AppAuth/ExternalUserAgent (1.7.6):
    - AppAuth/Core
  - audioplayers_darwin (0.0.1):
    - Flutter
  - awesome_notifications (0.10.0):
    - Flutter
    - IosAwnCore (~> 0.10.0)
  - connectivity_plus (0.0.1):
    - Flutter
    - FlutterMacOS
  - DKImagePickerController/Core (4.3.9):
    - DKImagePickerController/ImageDataManager
    - DKImagePickerController/Resource
  - DKImagePickerController/ImageDataManager (4.3.9)
  - DKImagePickerController/PhotoGallery (4.3.9):
    - DKImagePickerController/Core
    - DKPhotoGallery
  - DKImagePickerController/Resource (4.3.9)
  - DKPhotoGallery (0.0.19):
    - DKPhotoGallery/Core (= 0.0.19)
    - DKPhotoGallery/Model (= 0.0.19)
    - DKPhotoGallery/Preview (= 0.0.19)
    - DKPhotoGallery/Resource (= 0.0.19)
    - SDWebImage
    - SwiftyGif
  - DKPhotoGallery/Core (0.0.19):
    - DKPhotoGallery/Model
    - DKPhotoGallery/Preview
    - SDWebImage
    - SwiftyGif
  - DKPhotoGallery/Model (0.0.19):
    - SDWebImage
    - SwiftyGif
  - DKPhotoGallery/Preview (0.0.19):
    - DKPhotoGallery/Model
    - DKPhotoGallery/Resource
    - SDWebImage
    - SwiftyGif
  - DKPhotoGallery/Resource (0.0.19):
    - SDWebImage
    - SwiftyGif
  - file_picker (0.0.1):
    - DKImagePickerController/PhotoGallery
    - Flutter
  - Firebase/Auth (11.6.0):
    - Firebase/CoreOnly
    - FirebaseAuth (~> 11.6.0)
  - Firebase/CoreOnly (11.6.0):
    - FirebaseCore (~> 11.6.0)
  - Firebase/Messaging (11.6.0):
    - Firebase/CoreOnly
    - FirebaseMessaging (~> 11.6.0)
  - firebase_auth (5.4.1):
    - Firebase/Auth (= 11.6.0)
    - firebase_core
    - Flutter
  - firebase_core (3.10.1):
    - Firebase/CoreOnly (= 11.6.0)
    - Flutter
  - firebase_messaging (15.2.1):
    - Firebase/Messaging (= 11.6.0)
    - firebase_core
    - Flutter
  - FirebaseAppCheckInterop (11.6.0)
  - FirebaseAuth (11.6.0):
    - FirebaseAppCheckInterop (~> 11.0)
    - FirebaseAuthInterop (~> 11.0)
    - FirebaseCore (~> 11.6.0)
    - FirebaseCoreExtension (~> 11.6.0)
    - GoogleUtilities/AppDelegateSwizzler (~> 8.0)
    - GoogleUtilities/Environment (~> 8.0)
    - GTMSessionFetcher/Core (< 5.0, >= 3.4)
    - RecaptchaInterop (~> 100.0)
  - FirebaseAuthInterop (11.6.0)
  - FirebaseCore (11.6.0):
    - FirebaseCoreInternal (~> 11.6.0)
    - GoogleUtilities/Environment (~> 8.0)
    - GoogleUtilities/Logger (~> 8.0)
  - FirebaseCoreExtension (11.6.0):
    - FirebaseCore (~> 11.6.0)
  - FirebaseCoreInternal (11.6.0):
    - "GoogleUtilities/NSData+zlib (~> 8.0)"
  - FirebaseInstallations (11.6.0):
    - FirebaseCore (~> 11.6.0)
    - GoogleUtilities/Environment (~> 8.0)
    - GoogleUtilities/UserDefaults (~> 8.0)
    - PromisesObjC (~> 2.4)
  - FirebaseMessaging (11.6.0):
    - FirebaseCore (~> 11.6.0)
    - FirebaseInstallations (~> 11.0)
    - GoogleDataTransport (~> 10.0)
    - GoogleUtilities/AppDelegateSwizzler (~> 8.0)
    - GoogleUtilities/Environment (~> 8.0)
    - GoogleUtilities/Reachability (~> 8.0)
    - GoogleUtilities/UserDefaults (~> 8.0)
    - nanopb (~> 3.30910.0)
  - Flutter (1.0.0)
  - flutter_local_notifications (0.0.1):
    - Flutter
  - flutter_native_splash (2.4.3):
    - Flutter
  - flutter_pdfview (1.0.2):
    - Flutter
  - flutter_sound (9.23.1):
    - Flutter
    - flutter_sound_core (= 9.23.1)
  - flutter_sound_core (9.23.1)
  - google_sign_in_ios (0.0.1):
    - AppAuth (>= 1.7.4)
    - Flutter
    - FlutterMacOS
    - GoogleSignIn (~> 7.1)
    - GTMSessionFetcher (>= 3.4.0)
  - GoogleDataTransport (10.1.0):
    - nanopb (~> 3.30910.0)
    - PromisesObjC (~> 2.4)
  - GoogleSignIn (7.1.0):
    - AppAuth (< 2.0, >= 1.7.3)
    - GTMAppAuth (< 5.0, >= 4.1.1)
    - GTMSessionFetcher/Core (~> 3.3)
  - GoogleUtilities/AppDelegateSwizzler (8.0.2):
    - GoogleUtilities/Environment
    - GoogleUtilities/Logger
    - GoogleUtilities/Network
    - GoogleUtilities/Privacy
  - GoogleUtilities/Environment (8.0.2):
    - GoogleUtilities/Privacy
  - GoogleUtilities/Logger (8.0.2):
    - GoogleUtilities/Environment
    - GoogleUtilities/Privacy
  - GoogleUtilities/Network (8.0.2):
    - GoogleUtilities/Logger
    - "GoogleUtilities/NSData+zlib"
    - GoogleUtilities/Privacy
    - GoogleUtilities/Reachability
  - "GoogleUtilities/NSData+zlib (8.0.2)":
    - GoogleUtilities/Privacy
  - GoogleUtilities/Privacy (8.0.2)
  - GoogleUtilities/Reachability (8.0.2):
    - GoogleUtilities/Logger
    - GoogleUtilities/Privacy
  - GoogleUtilities/UserDefaults (8.0.2):
    - GoogleUtilities/Logger
    - GoogleUtilities/Privacy
  - GTMAppAuth (4.1.1):
    - AppAuth/Core (~> 1.7)
    - GTMSessionFetcher/Core (< 4.0, >= 3.3)
  - GTMSessionFetcher (3.5.0):
    - GTMSessionFetcher/Full (= 3.5.0)
  - GTMSessionFetcher/Core (3.5.0)
  - GTMSessionFetcher/Full (3.5.0):
    - GTMSessionFetcher/Core
  - image_picker_ios (0.0.1):
    - Flutter
  - IosAwnCore (0.10.0)
  - nanopb (3.30910.0):
    - nanopb/decode (= 3.30910.0)
    - nanopb/encode (= 3.30910.0)
  - nanopb/decode (3.30910.0)
  - nanopb/encode (3.30910.0)
  - path_provider_foundation (0.0.1):
    - Flutter
    - FlutterMacOS
  - permission_handler_apple (9.3.0):
    - Flutter
  - PromisesObjC (2.4.0)
  - RecaptchaInterop (100.0.0)
  - record_darwin (1.0.0):
    - Flutter
  - SDWebImage (5.20.0):
    - SDWebImage/Core (= 5.20.0)
  - SDWebImage/Core (5.20.0)
  - shared_preferences_foundation (0.0.1):
    - Flutter
    - FlutterMacOS
  - sqflite_darwin (0.0.4):
    - Flutter
    - FlutterMacOS
  - SwiftyGif (5.4.5)
  - url_launcher_ios (0.0.1):
    - Flutter
  - webview_flutter_wkwebview (0.0.1):
    - Flutter
    - FlutterMacOS

DEPENDENCIES:
  - audioplayers_darwin (from `.symlinks/plugins/audioplayers_darwin/ios`)
  - awesome_notifications (from `.symlinks/plugins/awesome_notifications/ios`)
  - connectivity_plus (from `.symlinks/plugins/connectivity_plus/darwin`)
  - file_picker (from `.symlinks/plugins/file_picker/ios`)
  - firebase_auth (from `.symlinks/plugins/firebase_auth/ios`)
  - firebase_core (from `.symlinks/plugins/firebase_core/ios`)
  - firebase_messaging (from `.symlinks/plugins/firebase_messaging/ios`)
  - Flutter (from `Flutter`)
  - flutter_local_notifications (from `.symlinks/plugins/flutter_local_notifications/ios`)
  - flutter_native_splash (from `.symlinks/plugins/flutter_native_splash/ios`)
  - flutter_pdfview (from `.symlinks/plugins/flutter_pdfview/ios`)
  - flutter_sound (from `.symlinks/plugins/flutter_sound/ios`)
  - google_sign_in_ios (from `.symlinks/plugins/google_sign_in_ios/darwin`)
  - image_picker_ios (from `.symlinks/plugins/image_picker_ios/ios`)
  - path_provider_foundation (from `.symlinks/plugins/path_provider_foundation/darwin`)
  - permission_handler_apple (from `.symlinks/plugins/permission_handler_apple/ios`)
  - record_darwin (from `.symlinks/plugins/record_darwin/ios`)
  - shared_preferences_foundation (from `.symlinks/plugins/shared_preferences_foundation/darwin`)
  - sqflite_darwin (from `.symlinks/plugins/sqflite_darwin/darwin`)
  - url_launcher_ios (from `.symlinks/plugins/url_launcher_ios/ios`)
  - webview_flutter_wkwebview (from `.symlinks/plugins/webview_flutter_wkwebview/darwin`)

SPEC REPOS:
  trunk:
    - AppAuth
    - DKImagePickerController
    - DKPhotoGallery
    - Firebase
    - FirebaseAppCheckInterop
    - FirebaseAuth
    - FirebaseAuthInterop
    - FirebaseCore
    - FirebaseCoreExtension
    - FirebaseCoreInternal
    - FirebaseInstallations
    - FirebaseMessaging
    - flutter_sound_core
    - GoogleDataTransport
    - GoogleSignIn
    - GoogleUtilities
    - GTMAppAuth
    - GTMSessionFetcher
    - IosAwnCore
    - nanopb
    - PromisesObjC
    - RecaptchaInterop
    - SDWebImage
    - SwiftyGif

EXTERNAL SOURCES:
  audioplayers_darwin:
    :path: ".symlinks/plugins/audioplayers_darwin/ios"
  awesome_notifications:
    :path: ".symlinks/plugins/awesome_notifications/ios"
  connectivity_plus:
    :path: ".symlinks/plugins/connectivity_plus/darwin"
  file_picker:
    :path: ".symlinks/plugins/file_picker/ios"
  firebase_auth:
    :path: ".symlinks/plugins/firebase_auth/ios"
  firebase_core:
    :path: ".symlinks/plugins/firebase_core/ios"
  firebase_messaging:
    :path: ".symlinks/plugins/firebase_messaging/ios"
  Flutter:
    :path: Flutter
  flutter_local_notifications:
    :path: ".symlinks/plugins/flutter_local_notifications/ios"
  flutter_native_splash:
    :path: ".symlinks/plugins/flutter_native_splash/ios"
  flutter_pdfview:
    :path: ".symlinks/plugins/flutter_pdfview/ios"
  flutter_sound:
    :path: ".symlinks/plugins/flutter_sound/ios"
  google_sign_in_ios:
    :path: ".symlinks/plugins/google_sign_in_ios/darwin"
  image_picker_ios:
    :path: ".symlinks/plugins/image_picker_ios/ios"
  path_provider_foundation:
    :path: ".symlinks/plugins/path_provider_foundation/darwin"
  permission_handler_apple:
    :path: ".symlinks/plugins/permission_handler_apple/ios"
  record_darwin:
    :path: ".symlinks/plugins/record_darwin/ios"
  shared_preferences_foundation:
    :path: ".symlinks/plugins/shared_preferences_foundation/darwin"
  sqflite_darwin:
    :path: ".symlinks/plugins/sqflite_darwin/darwin"
  url_launcher_ios:
    :path: ".symlinks/plugins/url_launcher_ios/ios"
  webview_flutter_wkwebview:
    :path: ".symlinks/plugins/webview_flutter_wkwebview/darwin"

SPEC CHECKSUMS:
  AppAuth: d4f13a8fe0baf391b2108511793e4b479691fb73
  audioplayers_darwin: ccf9c770ee768abb07e26d90af093f7bab1c12ab
  awesome_notifications: 0f432b28098d193920b11a44cfa9d2d9313a3888
  connectivity_plus: 2256d3e20624a7749ed21653aafe291a46446fee
  DKImagePickerController: 946cec48c7873164274ecc4624d19e3da4c1ef3c
  DKPhotoGallery: b3834fecb755ee09a593d7c9e389d8b5d6deed60
  file_picker: 9b3292d7c8bc68c8a7bf8eb78f730e49c8efc517
  Firebase: 374a441a91ead896215703a674d58cdb3e9d772b
  firebase_auth: d60969911baf096763178412a28388c39f361e2d
  firebase_core: d3deb82d05dac4bc13190f9d1770787fd6a1cda4
  firebase_messaging: f27e82019a98ef3ea7e744b5b366fcd6b83e7f86
  FirebaseAppCheckInterop: 347aa09a805219a31249b58fc956888e9fcb314b
  FirebaseAuth: 0304982cfe00df8d49bf533bc4becd3de36c7122
  FirebaseAuthInterop: a919d415797d23b7bfe195a04f322b86c65020ef
  FirebaseCore: 48b0dd707581cf9c1a1220da68223fb0a562afaa
  FirebaseCoreExtension: 2d77d6430c16cf43ca2b04608302ed02b3598361
  FirebaseCoreInternal: d98ab91e2d80a56d7b246856a8885443b302c0c2
  FirebaseInstallations: efc0946fc756e4d22d8113f7c761948120322e8c
  FirebaseMessaging: e1aca1fcc23e8b9eddb0e33f375ff90944623021
  Flutter: e0871f40cf51350855a761d2e70bf5af5b9b5de7
  flutter_local_notifications: 395056b3175ba4f08480a7c5de30cd36d69827e4
  flutter_native_splash: 6cad9122ea0fad137d23137dd14b937f3e90b145
  flutter_pdfview: 32bf27bda6fd85b9dd2c09628a824df5081246cf
  flutter_sound: 9e4f2c89d07c223eb42bf78ea1cd6226034a4911
  flutter_sound_core: 8d3c08efc430a06debc49a627f9b651b542e8351
  google_sign_in_ios: 0ab078e60da6dfe23cbc55c83502b52bba1aad63
  GoogleDataTransport: aae35b7ea0c09004c3797d53c8c41f66f219d6a7
  GoogleSignIn: d4281ab6cf21542b1cfaff85c191f230b399d2db
  GoogleUtilities: 26a3abef001b6533cf678d3eb38fd3f614b7872d
  GTMAppAuth: f69bd07d68cd3b766125f7e072c45d7340dea0de
  GTMSessionFetcher: 5aea5ba6bd522a239e236100971f10cb71b96ab6
  image_picker_ios: 7fe1ff8e34c1790d6fff70a32484959f563a928a
  IosAwnCore: 653786a911089012092ce831f2945cd339855a89
  nanopb: fad817b59e0457d11a5dfbde799381cd727c1275
  path_provider_foundation: 080d55be775b7414fd5a5ef3ac137b97b097e564
  permission_handler_apple: 4ed2196e43d0651e8ff7ca3483a069d469701f2d
  PromisesObjC: f5707f49cb48b9636751c5b2e7d227e43fba9f47
  RecaptchaInterop: 7d1a4a01a6b2cb1610a47ef3f85f0c411434cb21
  record_darwin: fb1f375f1d9603714f55b8708a903bbb91ffdb0a
  SDWebImage: 73c6079366fea25fa4bb9640d5fb58f0893facd8
  shared_preferences_foundation: 9e1978ff2562383bd5676f64ec4e9aa8fa06a6f7
  sqflite_darwin: 20b2a3a3b70e43edae938624ce550a3cbf66a3d0
  SwiftyGif: 706c60cf65fa2bc5ee0313beece843c8eb8194d4
  url_launcher_ios: 694010445543906933d732453a59da0a173ae33d
  webview_flutter_wkwebview: 1821ceac936eba6f7984d89a9f3bcb4dea99ebb2

PODFILE CHECKSUM: 5fe1bc59533648779c045d28eead0416cc87668d

COCOAPODS: 1.16.2
